
Microsoft Visual Studio Solution File, Format Version 12.00
# Visual Studio Version 17
VisualStudioVersion = 17.2.32505.173
MinimumVisualStudioVersion = 10.0.40219.1
Project("{FAE04EC0-301F-11D3-BF4B-00C04F79EFBC}") = "exercicio 3", "exercicio 3\exercicio 3.csproj", "{7F0764F7-4006-4F18-9C35-2D235EBE138F}"
EndProject
Global
	GlobalSection(SolutionConfigurationPlatforms) = preSolution
		Debug|Any CPU = Debug|Any CPU
		Release|Any CPU = Release|Any CPU
	EndGlobalSection
	GlobalSection(ProjectConfigurationPlatforms) = postSolution
		{7F0764F7-4006-4F18-9C35-2D235EBE138F}.Debug|Any CPU.ActiveCfg = Debug|Any CPU
		{7F0764F7-4006-4F18-9C35-2D235EBE138F}.Debug|Any CPU.Build.0 = Debug|Any CPU
		{7F0764F7-4006-4F18-9C35-2D235EBE138F}.Release|Any CPU.ActiveCfg = Release|Any CPU
		{7F0764F7-4006-4F18-9C35-2D235EBE138F}.Release|Any CPU.Build.0 = Release|Any CPU
	EndGlobalSection
	GlobalSection(SolutionProperties) = preSolution
		HideSolutionNode = FALSE
	EndGlobalSection
	GlobalSection(ExtensibilityGlobals) = postSolution
		SolutionGuid = {035B8025-B1F6-4317-A05C-7E455596E60D}
	EndGlobalSection
EndGlobal
